// !$*UTF8*$!
{
	archiveVersion = 1;
	classes = {
	};
	objectVersion = 50;
	objects = {

/* Begin PBXBuildFile section */
		004C9286267A24AC0094CC50 /* LeetcodePracticeApp.swift in Sources */ = {isa = PBXBuildFile; fileRef = 004C9285267A24AC0094CC50 /* LeetcodePracticeApp.swift */; };
		004C9288267A24AC0094CC50 /* ContentView.swift in Sources */ = {isa = PBXBuildFile; fileRef = 004C9287267A24AC0094CC50 /* ContentView.swift */; };
		004C928A267A24AE0094CC50 /* Assets.xcassets in Resources */ = {isa = PBXBuildFile; fileRef = 004C9289267A24AE0094CC50 /* Assets.xcassets */; };
		004C928D267A24AE0094CC50 /* Preview Assets.xcassets in Resources */ = {isa = PBXBuildFile; fileRef = 004C928C267A24AE0094CC50 /* Preview Assets.xcassets */; };
		004C9299267A24AE0094CC50 /* LeetcodePracticeTests.swift in Sources */ = {isa = PBXBuildFile; fileRef = 004C9298267A24AE0094CC50 /* LeetcodePracticeTests.swift */; };
		004C92A4267A24AE0094CC50 /* LeetcodePracticeUITests.swift in Sources */ = {isa = PBXBuildFile; fileRef = 004C92A3267A24AE0094CC50 /* LeetcodePracticeUITests.swift */; };
		004C92B3267A24EB0094CC50 /* Array953.swift in Sources */ = {isa = PBXBuildFile; fileRef = 004C92B2267A24EB0094CC50 /* Array953.swift */; };
		004C92B5267A255D0094CC50 /* ArrayProblemsTests.swift in Sources */ = {isa = PBXBuildFile; fileRef = 004C92B4267A255D0094CC50 /* ArrayProblemsTests.swift */; };
		004C92B7267A60420094CC50 /* Array905.swift in Sources */ = {isa = PBXBuildFile; fileRef = 004C92B6267A60420094CC50 /* Array905.swift */; };
		004C92B9267A6C430094CC50 /* Array485.swift in Sources */ = {isa = PBXBuildFile; fileRef = 004C92B8267A6C430094CC50 /* Array485.swift */; };
		004C92BB267A72B70094CC50 /* Array475.swift in Sources */ = {isa = PBXBuildFile; fileRef = 004C92BA267A72B70094CC50 /* Array475.swift */; };
		004C92BE267AD6B70094CC50 /* LinkedList.swift in Sources */ = {isa = PBXBuildFile; fileRef = 004C92BD267AD6B70094CC50 /* LinkedList.swift */; };
		004C92C0267AE4CE0094CC50 /* LinkedListTests.swift in Sources */ = {isa = PBXBuildFile; fileRef = 004C92BF267AE4CE0094CC50 /* LinkedListTests.swift */; };
		004C92C3267B806E0094CC50 /* 206.swift in Sources */ = {isa = PBXBuildFile; fileRef = 004C92C2267B806E0094CC50 /* 206.swift */; };
		004C92C5267C3D3E0094CC50 /* 143.swift in Sources */ = {isa = PBXBuildFile; fileRef = 004C92C4267C3D3E0094CC50 /* 143.swift */; };
		004C92C7267C713B0094CC50 /* LL146.swift in Sources */ = {isa = PBXBuildFile; fileRef = 004C92C6267C713B0094CC50 /* LL146.swift */; };
		004C92CA267CFC860094CC50 /* LL155.swift in Sources */ = {isa = PBXBuildFile; fileRef = 004C92C9267CFC860094CC50 /* LL155.swift */; };
		004C92CC267D828C0094CC50 /* MaxStack.swift in Sources */ = {isa = PBXBuildFile; fileRef = 004C92CB267D828C0094CC50 /* MaxStack.swift */; };
		004C92CE267DACB60094CC50 /* longestParentheses.swift in Sources */ = {isa = PBXBuildFile; fileRef = 004C92CD267DACB60094CC50 /* longestParentheses.swift */; };
		007A35DF267E260D0054CFE9 /* StackLeetcode.swift in Sources */ = {isa = PBXBuildFile; fileRef = 007A35DE267E260D0054CFE9 /* StackLeetcode.swift */; };
		007A35E1267E27030054CFE9 /* StackTestCases.swift in Sources */ = {isa = PBXBuildFile; fileRef = 007A35E0267E27030054CFE9 /* StackTestCases.swift */; };
		007A35EB267F40B90054CFE9 /* QueueProtocol.swift in Sources */ = {isa = PBXBuildFile; fileRef = 007A35EA267F40B90054CFE9 /* QueueProtocol.swift */; };
		007A35ED267F41540054CFE9 /* Queue.swift in Sources */ = {isa = PBXBuildFile; fileRef = 007A35EC267F41540054CFE9 /* Queue.swift */; };
		007A35EF267F42870054CFE9 /* QueueConceptTests.swift in Sources */ = {isa = PBXBuildFile; fileRef = 007A35EE267F42870054CFE9 /* QueueConceptTests.swift */; };
		007A35F1267F45370054CFE9 /* OptimizedQueue.swift in Sources */ = {isa = PBXBuildFile; fileRef = 007A35F0267F45370054CFE9 /* OptimizedQueue.swift */; };
		007A35F3267F72A10054CFE9 /* DequeueOptimized.swift in Sources */ = {isa = PBXBuildFile; fileRef = 007A35F2267F72A10054CFE9 /* DequeueOptimized.swift */; };
		007A35F7267F9BB70054CFE9 /* Leetcode.swift in Sources */ = {isa = PBXBuildFile; fileRef = 007A35F6267F9BB70054CFE9 /* Leetcode.swift */; };
		007A35F9267F9EA20054CFE9 /* QueueLeetcodeTests.swift in Sources */ = {isa = PBXBuildFile; fileRef = 007A35F8267F9EA20054CFE9 /* QueueLeetcodeTests.swift */; };
		007A35FF268039D10054CFE9 /* Tree.swift in Sources */ = {isa = PBXBuildFile; fileRef = 007A35FE268039D10054CFE9 /* Tree.swift */; };
		007A360126803B4F0054CFE9 /* TreeConceptTests.swift in Sources */ = {isa = PBXBuildFile; fileRef = 007A360026803B4F0054CFE9 /* TreeConceptTests.swift */; };
		007A3603268047E80054CFE9 /* BinaryTree.swift in Sources */ = {isa = PBXBuildFile; fileRef = 007A3602268047E80054CFE9 /* BinaryTree.swift */; };
		007A360626806DE10054CFE9 /* TreesLeetcode.swift in Sources */ = {isa = PBXBuildFile; fileRef = 007A360526806DE10054CFE9 /* TreesLeetcode.swift */; };
		007A360926806F550054CFE9 /* TreeLeetcodeTests.swift in Sources */ = {isa = PBXBuildFile; fileRef = 007A360826806F550054CFE9 /* TreeLeetcodeTests.swift */; };
		007A360B26811CC20054CFE9 /* LLLeetcode.swift in Sources */ = {isa = PBXBuildFile; fileRef = 007A360A26811CC20054CFE9 /* LLLeetcode.swift */; };
		007A360D26849EBC0054CFE9 /* BinarySearchTree.swift in Sources */ = {isa = PBXBuildFile; fileRef = 007A360C26849EBC0054CFE9 /* BinarySearchTree.swift */; };
		007A36112686152D0054CFE9 /* StringsLeetcode.swift in Sources */ = {isa = PBXBuildFile; fileRef = 007A36102686152D0054CFE9 /* StringsLeetcode.swift */; };
		007A3615268618A50054CFE9 /* StringsLeetcodeTests.swift in Sources */ = {isa = PBXBuildFile; fileRef = 007A3614268618A50054CFE9 /* StringsLeetcodeTests.swift */; };
		007A3619268DEC9D0054CFE9 /* ArraysLeetcode.swift in Sources */ = {isa = PBXBuildFile; fileRef = 007A3618268DEC9D0054CFE9 /* ArraysLeetcode.swift */; };
		007A361C268DF0450054CFE9 /* ArrayLeetcodeTests.swift in Sources */ = {isa = PBXBuildFile; fileRef = 007A361B268DF0450054CFE9 /* ArrayLeetcodeTests.swift */; };
		007A361F268FF0350054CFE9 /* JulyLeetcodeChallenge.swift in Sources */ = {isa = PBXBuildFile; fileRef = 007A361E268FF0340054CFE9 /* JulyLeetcodeChallenge.swift */; };
		007A3622268FF0740054CFE9 /* JulyLeetcodeChallenge.swift in Sources */ = {isa = PBXBuildFile; fileRef = 007A3621268FF0740054CFE9 /* JulyLeetcodeChallenge.swift */; };
/* End PBXBuildFile section */

/* Begin PBXContainerItemProxy section */
		004C9295267A24AE0094CC50 /* PBXContainerItemProxy */ = {
			isa = PBXContainerItemProxy;
			containerPortal = 004C927A267A24AC0094CC50 /* Project object */;
			proxyType = 1;
			remoteGlobalIDString = 004C9281267A24AC0094CC50;
			remoteInfo = LeetcodePractice;
		};
		004C92A0267A24AE0094CC50 /* PBXContainerItemProxy */ = {
			isa = PBXContainerItemProxy;
			containerPortal = 004C927A267A24AC0094CC50 /* Project object */;
			proxyType = 1;
			remoteGlobalIDString = 004C9281267A24AC0094CC50;
			remoteInfo = LeetcodePractice;
		};
/* End PBXContainerItemProxy section */

/* Begin PBXFileReference section */
		004C9282267A24AC0094CC50 /* LeetcodePractice.app */ = {isa = PBXFileReference; explicitFileType = wrapper.application; includeInIndex = 0; path = LeetcodePractice.app; sourceTree = BUILT_PRODUCTS_DIR; };
		004C9285267A24AC0094CC50 /* LeetcodePracticeApp.swift */ = {isa = PBXFileReference; lastKnownFileType = sourcecode.swift; path = LeetcodePracticeApp.swift; sourceTree = "<group>"; };
		004C9287267A24AC0094CC50 /* ContentView.swift */ = {isa = PBXFileReference; lastKnownFileType = sourcecode.swift; path = ContentView.swift; sourceTree = "<group>"; };
		004C9289267A24AE0094CC50 /* Assets.xcassets */ = {isa = PBXFileReference; lastKnownFileType = folder.assetcatalog; path = Assets.xcassets; sourceTree = "<group>"; };
		004C928C267A24AE0094CC50 /* Preview Assets.xcassets */ = {isa = PBXFileReference; lastKnownFileType = folder.assetcatalog; path = "Preview Assets.xcassets"; sourceTree = "<group>"; };
		004C928E267A24AE0094CC50 /* Info.plist */ = {isa = PBXFileReference; lastKnownFileType = text.plist.xml; path = Info.plist; sourceTree = "<group>"; };
		004C928F267A24AE0094CC50 /* LeetcodePractice.entitlements */ = {isa = PBXFileReference; lastKnownFileType = text.plist.entitlements; path = LeetcodePractice.entitlements; sourceTree = "<group>"; };
		004C9294267A24AE0094CC50 /* LeetcodePracticeTests.xctest */ = {isa = PBXFileReference; explicitFileType = wrapper.cfbundle; includeInIndex = 0; path = LeetcodePracticeTests.xctest; sourceTree = BUILT_PRODUCTS_DIR; };
		004C9298267A24AE0094CC50 /* LeetcodePracticeTests.swift */ = {isa = PBXFileReference; lastKnownFileType = sourcecode.swift; path = LeetcodePracticeTests.swift; sourceTree = "<group>"; };
		004C929A267A24AE0094CC50 /* Info.plist */ = {isa = PBXFileReference; lastKnownFileType = text.plist.xml; path = Info.plist; sourceTree = "<group>"; };
		004C929F267A24AE0094CC50 /* LeetcodePracticeUITests.xctest */ = {isa = PBXFileReference; explicitFileType = wrapper.cfbundle; includeInIndex = 0; path = LeetcodePracticeUITests.xctest; sourceTree = BUILT_PRODUCTS_DIR; };
		004C92A3267A24AE0094CC50 /* LeetcodePracticeUITests.swift */ = {isa = PBXFileReference; lastKnownFileType = sourcecode.swift; path = LeetcodePracticeUITests.swift; sourceTree = "<group>"; };
		004C92A5267A24AE0094CC50 /* Info.plist */ = {isa = PBXFileReference; lastKnownFileType = text.plist.xml; path = Info.plist; sourceTree = "<group>"; };
		004C92B2267A24EB0094CC50 /* Array953.swift */ = {isa = PBXFileReference; lastKnownFileType = sourcecode.swift; path = Array953.swift; sourceTree = "<group>"; };
		004C92B4267A255D0094CC50 /* ArrayProblemsTests.swift */ = {isa = PBXFileReference; lastKnownFileType = sourcecode.swift; path = ArrayProblemsTests.swift; sourceTree = "<group>"; };
		004C92B6267A60420094CC50 /* Array905.swift */ = {isa = PBXFileReference; lastKnownFileType = sourcecode.swift; path = Array905.swift; sourceTree = "<group>"; };
		004C92B8267A6C430094CC50 /* Array485.swift */ = {isa = PBXFileReference; lastKnownFileType = sourcecode.swift; path = Array485.swift; sourceTree = "<group>"; };
		004C92BA267A72B70094CC50 /* Array475.swift */ = {isa = PBXFileReference; lastKnownFileType = sourcecode.swift; path = Array475.swift; sourceTree = "<group>"; };
		004C92BD267AD6B70094CC50 /* LinkedList.swift */ = {isa = PBXFileReference; lastKnownFileType = sourcecode.swift; path = LinkedList.swift; sourceTree = "<group>"; };
		004C92BF267AE4CE0094CC50 /* LinkedListTests.swift */ = {isa = PBXFileReference; lastKnownFileType = sourcecode.swift; path = LinkedListTests.swift; sourceTree = "<group>"; };
		004C92C2267B806E0094CC50 /* 206.swift */ = {isa = PBXFileReference; lastKnownFileType = sourcecode.swift; path = 206.swift; sourceTree = "<group>"; };
		004C92C4267C3D3E0094CC50 /* 143.swift */ = {isa = PBXFileReference; lastKnownFileType = sourcecode.swift; path = 143.swift; sourceTree = "<group>"; };
		004C92C6267C713B0094CC50 /* LL146.swift */ = {isa = PBXFileReference; lastKnownFileType = sourcecode.swift; path = LL146.swift; sourceTree = "<group>"; };
		004C92C9267CFC860094CC50 /* LL155.swift */ = {isa = PBXFileReference; lastKnownFileType = sourcecode.swift; path = LL155.swift; sourceTree = "<group>"; };
		004C92CB267D828C0094CC50 /* MaxStack.swift */ = {isa = PBXFileReference; lastKnownFileType = sourcecode.swift; path = MaxStack.swift; sourceTree = "<group>"; };
		004C92CD267DACB60094CC50 /* longestParentheses.swift */ = {isa = PBXFileReference; lastKnownFileType = sourcecode.swift; path = longestParentheses.swift; sourceTree = "<group>"; };
		007A35DE267E260D0054CFE9 /* StackLeetcode.swift */ = {isa = PBXFileReference; lastKnownFileType = sourcecode.swift; path = StackLeetcode.swift; sourceTree = "<group>"; };
		007A35E0267E27030054CFE9 /* StackTestCases.swift */ = {isa = PBXFileReference; lastKnownFileType = sourcecode.swift; path = StackTestCases.swift; sourceTree = "<group>"; };
		007A35EA267F40B90054CFE9 /* QueueProtocol.swift */ = {isa = PBXFileReference; lastKnownFileType = sourcecode.swift; path = QueueProtocol.swift; sourceTree = "<group>"; };
		007A35EC267F41540054CFE9 /* Queue.swift */ = {isa = PBXFileReference; lastKnownFileType = sourcecode.swift; path = Queue.swift; sourceTree = "<group>"; };
		007A35EE267F42870054CFE9 /* QueueConceptTests.swift */ = {isa = PBXFileReference; lastKnownFileType = sourcecode.swift; path = QueueConceptTests.swift; sourceTree = "<group>"; };
		007A35F0267F45370054CFE9 /* OptimizedQueue.swift */ = {isa = PBXFileReference; lastKnownFileType = sourcecode.swift; path = OptimizedQueue.swift; sourceTree = "<group>"; };
		007A35F2267F72A10054CFE9 /* DequeueOptimized.swift */ = {isa = PBXFileReference; lastKnownFileType = sourcecode.swift; path = DequeueOptimized.swift; sourceTree = "<group>"; };
		007A35F6267F9BB70054CFE9 /* Leetcode.swift */ = {isa = PBXFileReference; lastKnownFileType = sourcecode.swift; path = Leetcode.swift; sourceTree = "<group>"; };
		007A35F8267F9EA20054CFE9 /* QueueLeetcodeTests.swift */ = {isa = PBXFileReference; lastKnownFileType = sourcecode.swift; path = QueueLeetcodeTests.swift; sourceTree = "<group>"; };
		007A35FE268039D10054CFE9 /* Tree.swift */ = {isa = PBXFileReference; lastKnownFileType = sourcecode.swift; path = Tree.swift; sourceTree = "<group>"; };
		007A360026803B4F0054CFE9 /* TreeConceptTests.swift */ = {isa = PBXFileReference; lastKnownFileType = sourcecode.swift; path = TreeConceptTests.swift; sourceTree = "<group>"; };
		007A3602268047E80054CFE9 /* BinaryTree.swift */ = {isa = PBXFileReference; lastKnownFileType = sourcecode.swift; path = BinaryTree.swift; sourceTree = "<group>"; };
		007A360526806DE10054CFE9 /* TreesLeetcode.swift */ = {isa = PBXFileReference; lastKnownFileType = sourcecode.swift; path = TreesLeetcode.swift; sourceTree = "<group>"; };
		007A360826806F550054CFE9 /* TreeLeetcodeTests.swift */ = {isa = PBXFileReference; lastKnownFileType = sourcecode.swift; path = TreeLeetcodeTests.swift; sourceTree = "<group>"; };
		007A360A26811CC20054CFE9 /* LLLeetcode.swift */ = {isa = PBXFileReference; lastKnownFileType = sourcecode.swift; path = LLLeetcode.swift; sourceTree = "<group>"; };
		007A360C26849EBC0054CFE9 /* BinarySearchTree.swift */ = {isa = PBXFileReference; lastKnownFileType = sourcecode.swift; path = BinarySearchTree.swift; sourceTree = "<group>"; };
		007A36102686152D0054CFE9 /* StringsLeetcode.swift */ = {isa = PBXFileReference; lastKnownFileType = sourcecode.swift; path = StringsLeetcode.swift; sourceTree = "<group>"; };
		007A3614268618A50054CFE9 /* StringsLeetcodeTests.swift */ = {isa = PBXFileReference; lastKnownFileType = sourcecode.swift; path = StringsLeetcodeTests.swift; sourceTree = "<group>"; };
		007A3618268DEC9D0054CFE9 /* ArraysLeetcode.swift */ = {isa = PBXFileReference; lastKnownFileType = sourcecode.swift; path = ArraysLeetcode.swift; sourceTree = "<group>"; };
		007A361B268DF0450054CFE9 /* ArrayLeetcodeTests.swift */ = {isa = PBXFileReference; lastKnownFileType = sourcecode.swift; path = ArrayLeetcodeTests.swift; sourceTree = "<group>"; };
		007A361E268FF0340054CFE9 /* JulyLeetcodeChallenge.swift */ = {isa = PBXFileReference; lastKnownFileType = sourcecode.swift; path = JulyLeetcodeChallenge.swift; sourceTree = "<group>"; };
		007A3621268FF0740054CFE9 /* JulyLeetcodeChallenge.swift */ = {isa = PBXFileReference; lastKnownFileType = sourcecode.swift; path = JulyLeetcodeChallenge.swift; sourceTree = "<group>"; };
/* End PBXFileReference section */

/* Begin PBXFrameworksBuildPhase section */
		004C927F267A24AC0094CC50 /* Frameworks */ = {
			isa = PBXFrameworksBuildPhase;
			buildActionMask = 2147483647;
			files = (
			);
			runOnlyForDeploymentPostprocessing = 0;
		};
		004C9291267A24AE0094CC50 /* Frameworks */ = {
			isa = PBXFrameworksBuildPhase;
			buildActionMask = 2147483647;
			files = (
			);
			runOnlyForDeploymentPostprocessing = 0;
		};
		004C929C267A24AE0094CC50 /* Frameworks */ = {
			isa = PBXFrameworksBuildPhase;
			buildActionMask = 2147483647;
			files = (
			);
			runOnlyForDeploymentPostprocessing = 0;
		};
/* End PBXFrameworksBuildPhase section */

/* Begin PBXGroup section */
		004C9279267A24AC0094CC50 = {
			isa = PBXGroup;
			children = (
				004C9284267A24AC0094CC50 /* LeetcodePractice */,
				004C9297267A24AE0094CC50 /* LeetcodePracticeTests */,
				004C92A2267A24AE0094CC50 /* LeetcodePracticeUITests */,
				004C9283267A24AC0094CC50 /* Products */,
			);
			sourceTree = "<group>";
		};
		004C9283267A24AC0094CC50 /* Products */ = {
			isa = PBXGroup;
			children = (
				004C9282267A24AC0094CC50 /* LeetcodePractice.app */,
				004C9294267A24AE0094CC50 /* LeetcodePracticeTests.xctest */,
				004C929F267A24AE0094CC50 /* LeetcodePracticeUITests.xctest */,
			);
			name = Products;
			sourceTree = "<group>";
		};
		004C9284267A24AC0094CC50 /* LeetcodePractice */ = {
			isa = PBXGroup;
			children = (
				007A361D268FF0050054CFE9 /* JulyLeetcodeChallenge */,
				007A3616268DEC7F0054CFE9 /* Arrays */,
				007A360E268615130054CFE9 /* Strings */,
				007A35FA267FB98D0054CFE9 /* Trees */,
				007A35E2267F09AC0054CFE9 /* Queue */,
				004C92C8267CFC750094CC50 /* Stack */,
				004C92BC267AD6A90094CC50 /* LinkedList */,
				004C92B1267A24B50094CC50 /* Array */,
				004C9285267A24AC0094CC50 /* LeetcodePracticeApp.swift */,
				004C9287267A24AC0094CC50 /* ContentView.swift */,
				004C9289267A24AE0094CC50 /* Assets.xcassets */,
				004C928E267A24AE0094CC50 /* Info.plist */,
				004C928F267A24AE0094CC50 /* LeetcodePractice.entitlements */,
				004C928B267A24AE0094CC50 /* Preview Content */,
			);
			path = LeetcodePractice;
			sourceTree = "<group>";
		};
		004C928B267A24AE0094CC50 /* Preview Content */ = {
			isa = PBXGroup;
			children = (
				004C928C267A24AE0094CC50 /* Preview Assets.xcassets */,
			);
			path = "Preview Content";
			sourceTree = "<group>";
		};
		004C9297267A24AE0094CC50 /* LeetcodePracticeTests */ = {
			isa = PBXGroup;
			children = (
				007A3620268FF0510054CFE9 /* JulyLeetcodeChallenge */,
				007A361A268DF02D0054CFE9 /* Arrays */,
				007A3612268618710054CFE9 /* Strings */,
				007A35FC267FB9A10054CFE9 /* Trees */,
				007A35E6267F09D80054CFE9 /* Queue */,
				004C9298267A24AE0094CC50 /* LeetcodePracticeTests.swift */,
				004C929A267A24AE0094CC50 /* Info.plist */,
				004C92B4267A255D0094CC50 /* ArrayProblemsTests.swift */,
				004C92BF267AE4CE0094CC50 /* LinkedListTests.swift */,
				007A35E0267E27030054CFE9 /* StackTestCases.swift */,
			);
			path = LeetcodePracticeTests;
			sourceTree = "<group>";
		};
		004C92A2267A24AE0094CC50 /* LeetcodePracticeUITests */ = {
			isa = PBXGroup;
			children = (
				004C92A3267A24AE0094CC50 /* LeetcodePracticeUITests.swift */,
				004C92A5267A24AE0094CC50 /* Info.plist */,
			);
			path = LeetcodePracticeUITests;
			sourceTree = "<group>";
		};
		004C92B1267A24B50094CC50 /* Array */ = {
			isa = PBXGroup;
			children = (
				004C92B2267A24EB0094CC50 /* Array953.swift */,
				004C92B6267A60420094CC50 /* Array905.swift */,
				004C92B8267A6C430094CC50 /* Array485.swift */,
				004C92BA267A72B70094CC50 /* Array475.swift */,
			);
			path = Array;
			sourceTree = "<group>";
		};
		004C92BC267AD6A90094CC50 /* LinkedList */ = {
			isa = PBXGroup;
			children = (
				004C92C1267B805A0094CC50 /* Leetcode */,
				004C92BD267AD6B70094CC50 /* LinkedList.swift */,
			);
			path = LinkedList;
			sourceTree = "<group>";
		};
		004C92C1267B805A0094CC50 /* Leetcode */ = {
			isa = PBXGroup;
			children = (
				004C92C2267B806E0094CC50 /* 206.swift */,
				004C92C4267C3D3E0094CC50 /* 143.swift */,
				004C92C6267C713B0094CC50 /* LL146.swift */,
				007A360A26811CC20054CFE9 /* LLLeetcode.swift */,
			);
			path = Leetcode;
			sourceTree = "<group>";
		};
		004C92C8267CFC750094CC50 /* Stack */ = {
			isa = PBXGroup;
			children = (
				004C92C9267CFC860094CC50 /* LL155.swift */,
				004C92CB267D828C0094CC50 /* MaxStack.swift */,
				004C92CD267DACB60094CC50 /* longestParentheses.swift */,
				007A35DE267E260D0054CFE9 /* StackLeetcode.swift */,
			);
			path = Stack;
			sourceTree = "<group>";
		};
		007A35E2267F09AC0054CFE9 /* Queue */ = {
			isa = PBXGroup;
			children = (
				007A35E5267F09CB0054CFE9 /* Concept */,
				007A35E4267F09BF0054CFE9 /* Hackerrank */,
				007A35E3267F09B90054CFE9 /* Leetcode */,
			);
			path = Queue;
			sourceTree = "<group>";
		};
		007A35E3267F09B90054CFE9 /* Leetcode */ = {
			isa = PBXGroup;
			children = (
				007A35F6267F9BB70054CFE9 /* Leetcode.swift */,
			);
			path = Leetcode;
			sourceTree = "<group>";
		};
		007A35E4267F09BF0054CFE9 /* Hackerrank */ = {
			isa = PBXGroup;
			children = (
			);
			path = Hackerrank;
			sourceTree = "<group>";
		};
		007A35E5267F09CB0054CFE9 /* Concept */ = {
			isa = PBXGroup;
			children = (
				007A35EA267F40B90054CFE9 /* QueueProtocol.swift */,
				007A35EC267F41540054CFE9 /* Queue.swift */,
				007A35F0267F45370054CFE9 /* OptimizedQueue.swift */,
				007A35F2267F72A10054CFE9 /* DequeueOptimized.swift */,
			);
			path = Concept;
			sourceTree = "<group>";
		};
		007A35E6267F09D80054CFE9 /* Queue */ = {
			isa = PBXGroup;
			children = (
				007A35E9267F09EC0054CFE9 /* Leetcode */,
				007A35E8267F09E50054CFE9 /* Hackerrank */,
				007A35E7267F09DE0054CFE9 /* Concept */,
			);
			path = Queue;
			sourceTree = "<group>";
		};
		007A35E7267F09DE0054CFE9 /* Concept */ = {
			isa = PBXGroup;
			children = (
				007A35EE267F42870054CFE9 /* QueueConceptTests.swift */,
			);
			path = Concept;
			sourceTree = "<group>";
		};
		007A35E8267F09E50054CFE9 /* Hackerrank */ = {
			isa = PBXGroup;
			children = (
			);
			path = Hackerrank;
			sourceTree = "<group>";
		};
		007A35E9267F09EC0054CFE9 /* Leetcode */ = {
			isa = PBXGroup;
			children = (
				007A35F8267F9EA20054CFE9 /* QueueLeetcodeTests.swift */,
			);
			path = Leetcode;
			sourceTree = "<group>";
		};
		007A35FA267FB98D0054CFE9 /* Trees */ = {
			isa = PBXGroup;
			children = (
				007A360426806DC90054CFE9 /* Leetcode */,
				007A35FB267FB9960054CFE9 /* Concept */,
			);
			path = Trees;
			sourceTree = "<group>";
		};
		007A35FB267FB9960054CFE9 /* Concept */ = {
			isa = PBXGroup;
			children = (
				007A35FE268039D10054CFE9 /* Tree.swift */,
				007A3602268047E80054CFE9 /* BinaryTree.swift */,
				007A360C26849EBC0054CFE9 /* BinarySearchTree.swift */,
			);
			path = Concept;
			sourceTree = "<group>";
		};
		007A35FC267FB9A10054CFE9 /* Trees */ = {
			isa = PBXGroup;
			children = (
				007A360726806F410054CFE9 /* Leetcode */,
				007A35FD267FB9A90054CFE9 /* Concept */,
			);
			path = Trees;
			sourceTree = "<group>";
		};
		007A35FD267FB9A90054CFE9 /* Concept */ = {
			isa = PBXGroup;
			children = (
				007A360026803B4F0054CFE9 /* TreeConceptTests.swift */,
			);
			path = Concept;
			sourceTree = "<group>";
		};
		007A360426806DC90054CFE9 /* Leetcode */ = {
			isa = PBXGroup;
			children = (
				007A360526806DE10054CFE9 /* TreesLeetcode.swift */,
			);
			path = Leetcode;
			sourceTree = "<group>";
		};
		007A360726806F410054CFE9 /* Leetcode */ = {
			isa = PBXGroup;
			children = (
				007A360826806F550054CFE9 /* TreeLeetcodeTests.swift */,
			);
			path = Leetcode;
			sourceTree = "<group>";
		};
		007A360E268615130054CFE9 /* Strings */ = {
			isa = PBXGroup;
			children = (
				007A360F2686151C0054CFE9 /* Leetcode */,
			);
			path = Strings;
			sourceTree = "<group>";
		};
		007A360F2686151C0054CFE9 /* Leetcode */ = {
			isa = PBXGroup;
			children = (
				007A36102686152D0054CFE9 /* StringsLeetcode.swift */,
			);
			path = Leetcode;
			sourceTree = "<group>";
		};
		007A3612268618710054CFE9 /* Strings */ = {
			isa = PBXGroup;
			children = (
				007A36132686187A0054CFE9 /* Leetcode */,
			);
			path = Strings;
			sourceTree = "<group>";
		};
		007A36132686187A0054CFE9 /* Leetcode */ = {
			isa = PBXGroup;
			children = (
				007A3614268618A50054CFE9 /* StringsLeetcodeTests.swift */,
			);
			path = Leetcode;
			sourceTree = "<group>";
		};
		007A3616268DEC7F0054CFE9 /* Arrays */ = {
			isa = PBXGroup;
			children = (
				007A3617268DEC860054CFE9 /* Leetcode */,
			);
			path = Arrays;
			sourceTree = "<group>";
		};
		007A3617268DEC860054CFE9 /* Leetcode */ = {
			isa = PBXGroup;
			children = (
				007A3618268DEC9D0054CFE9 /* ArraysLeetcode.swift */,
			);
			path = Leetcode;
			sourceTree = "<group>";
		};
		007A361A268DF02D0054CFE9 /* Arrays */ = {
			isa = PBXGroup;
			children = (
				007A361B268DF0450054CFE9 /* ArrayLeetcodeTests.swift */,
			);
			path = Arrays;
			sourceTree = "<group>";
		};
		007A361D268FF0050054CFE9 /* JulyLeetcodeChallenge */ = {
			isa = PBXGroup;
			children = (
				007A361E268FF0340054CFE9 /* JulyLeetcodeChallenge.swift */,
			);
			path = JulyLeetcodeChallenge;
			sourceTree = "<group>";
		};
		007A3620268FF0510054CFE9 /* JulyLeetcodeChallenge */ = {
			isa = PBXGroup;
			children = (
				007A3621268FF0740054CFE9 /* JulyLeetcodeChallenge.swift */,
			);
			path = JulyLeetcodeChallenge;
			sourceTree = "<group>";
		};
/* End PBXGroup section */

/* Begin PBXNativeTarget section */
		004C9281267A24AC0094CC50 /* LeetcodePractice */ = {
			isa = PBXNativeTarget;
			buildConfigurationList = 004C92A8267A24AE0094CC50 /* Build configuration list for PBXNativeTarget "LeetcodePractice" */;
			buildPhases = (
				004C927E267A24AC0094CC50 /* Sources */,
				004C927F267A24AC0094CC50 /* Frameworks */,
				004C9280267A24AC0094CC50 /* Resources */,
			);
			buildRules = (
			);
			dependencies = (
			);
			name = LeetcodePractice;
			productName = LeetcodePractice;
			productReference = 004C9282267A24AC0094CC50 /* LeetcodePractice.app */;
			productType = "com.apple.product-type.application";
		};
		004C9293267A24AE0094CC50 /* LeetcodePracticeTests */ = {
			isa = PBXNativeTarget;
			buildConfigurationList = 004C92AB267A24AE0094CC50 /* Build configuration list for PBXNativeTarget "LeetcodePracticeTests" */;
			buildPhases = (
				004C9290267A24AE0094CC50 /* Sources */,
				004C9291267A24AE0094CC50 /* Frameworks */,
				004C9292267A24AE0094CC50 /* Resources */,
			);
			buildRules = (
			);
			dependencies = (
				004C9296267A24AE0094CC50 /* PBXTargetDependency */,
			);
			name = LeetcodePracticeTests;
			productName = LeetcodePracticeTests;
			productReference = 004C9294267A24AE0094CC50 /* LeetcodePracticeTests.xctest */;
			productType = "com.apple.product-type.bundle.unit-test";
		};
		004C929E267A24AE0094CC50 /* LeetcodePracticeUITests */ = {
			isa = PBXNativeTarget;
			buildConfigurationList = 004C92AE267A24AE0094CC50 /* Build configuration list for PBXNativeTarget "LeetcodePracticeUITests" */;
			buildPhases = (
				004C929B267A24AE0094CC50 /* Sources */,
				004C929C267A24AE0094CC50 /* Frameworks */,
				004C929D267A24AE0094CC50 /* Resources */,
			);
			buildRules = (
			);
			dependencies = (
				004C92A1267A24AE0094CC50 /* PBXTargetDependency */,
			);
			name = LeetcodePracticeUITests;
			productName = LeetcodePracticeUITests;
			productReference = 004C929F267A24AE0094CC50 /* LeetcodePracticeUITests.xctest */;
			productType = "com.apple.product-type.bundle.ui-testing";
		};
/* End PBXNativeTarget section */

/* Begin PBXProject section */
		004C927A267A24AC0094CC50 /* Project object */ = {
			isa = PBXProject;
			attributes = {
				LastSwiftUpdateCheck = 1250;
				LastUpgradeCheck = 1250;
				TargetAttributes = {
					004C9281267A24AC0094CC50 = {
						CreatedOnToolsVersion = 12.5;
					};
					004C9293267A24AE0094CC50 = {
						CreatedOnToolsVersion = 12.5;
						TestTargetID = 004C9281267A24AC0094CC50;
					};
					004C929E267A24AE0094CC50 = {
						CreatedOnToolsVersion = 12.5;
						TestTargetID = 004C9281267A24AC0094CC50;
					};
				};
			};
			buildConfigurationList = 004C927D267A24AC0094CC50 /* Build configuration list for PBXProject "LeetcodePractice" */;
			compatibilityVersion = "Xcode 9.3";
			developmentRegion = en;
			hasScannedForEncodings = 0;
			knownRegions = (
				en,
				Base,
			);
			mainGroup = 004C9279267A24AC0094CC50;
			productRefGroup = 004C9283267A24AC0094CC50 /* Products */;
			projectDirPath = "";
			projectRoot = "";
			targets = (
				004C9281267A24AC0094CC50 /* LeetcodePractice */,
				004C9293267A24AE0094CC50 /* LeetcodePracticeTests */,
				004C929E267A24AE0094CC50 /* LeetcodePracticeUITests */,
			);
		};
/* End PBXProject section */

/* Begin PBXResourcesBuildPhase section */
		004C9280267A24AC0094CC50 /* Resources */ = {
			isa = PBXResourcesBuildPhase;
			buildActionMask = 2147483647;
			files = (
				004C928D267A24AE0094CC50 /* Preview Assets.xcassets in Resources */,
				004C928A267A24AE0094CC50 /* Assets.xcassets in Resources */,
			);
			runOnlyForDeploymentPostprocessing = 0;
		};
		004C9292267A24AE0094CC50 /* Resources */ = {
			isa = PBXResourcesBuildPhase;
			buildActionMask = 2147483647;
			files = (
			);
			runOnlyForDeploymentPostprocessing = 0;
		};
		004C929D267A24AE0094CC50 /* Resources */ = {
			isa = PBXResourcesBuildPhase;
			buildActionMask = 2147483647;
			files = (
			);
			runOnlyForDeploymentPostprocessing = 0;
		};
/* End PBXResourcesBuildPhase section */

/* Begin PBXSourcesBuildPhase section */
		004C927E267A24AC0094CC50 /* Sources */ = {
			isa = PBXSourcesBuildPhase;
			buildActionMask = 2147483647;
			files = (
				007A35F3267F72A10054CFE9 /* DequeueOptimized.swift in Sources */,
				004C92BB267A72B70094CC50 /* Array475.swift in Sources */,
				007A360B26811CC20054CFE9 /* LLLeetcode.swift in Sources */,
				004C92CE267DACB60094CC50 /* longestParentheses.swift in Sources */,
				004C9288267A24AC0094CC50 /* ContentView.swift in Sources */,
				004C9286267A24AC0094CC50 /* LeetcodePracticeApp.swift in Sources */,
				007A35FF268039D10054CFE9 /* Tree.swift in Sources */,
				007A35F7267F9BB70054CFE9 /* Leetcode.swift in Sources */,
				007A35EB267F40B90054CFE9 /* QueueProtocol.swift in Sources */,
				007A3603268047E80054CFE9 /* BinaryTree.swift in Sources */,
				007A3619268DEC9D0054CFE9 /* ArraysLeetcode.swift in Sources */,
				004C92B7267A60420094CC50 /* Array905.swift in Sources */,
				004C92C3267B806E0094CC50 /* 206.swift in Sources */,
				007A361F268FF0350054CFE9 /* JulyLeetcodeChallenge.swift in Sources */,
				004C92CA267CFC860094CC50 /* LL155.swift in Sources */,
				004C92C7267C713B0094CC50 /* LL146.swift in Sources */,
				004C92B9267A6C430094CC50 /* Array485.swift in Sources */,
				007A36112686152D0054CFE9 /* StringsLeetcode.swift in Sources */,
				004C92C5267C3D3E0094CC50 /* 143.swift in Sources */,
				007A35ED267F41540054CFE9 /* Queue.swift in Sources */,
				004C92CC267D828C0094CC50 /* MaxStack.swift in Sources */,
				007A35DF267E260D0054CFE9 /* StackLeetcode.swift in Sources */,
				007A35F1267F45370054CFE9 /* OptimizedQueue.swift in Sources */,
				007A360D26849EBC0054CFE9 /* BinarySearchTree.swift in Sources */,
				004C92B3267A24EB0094CC50 /* Array953.swift in Sources */,
				007A360626806DE10054CFE9 /* TreesLeetcode.swift in Sources */,
				004C92BE267AD6B70094CC50 /* LinkedList.swift in Sources */,
			);
			runOnlyForDeploymentPostprocessing = 0;
		};
		004C9290267A24AE0094CC50 /* Sources */ = {
			isa = PBXSourcesBuildPhase;
			buildActionMask = 2147483647;
			files = (
				007A35E1267E27030054CFE9 /* StackTestCases.swift in Sources */,
				004C9299267A24AE0094CC50 /* LeetcodePracticeTests.swift in Sources */,
				007A360926806F550054CFE9 /* TreeLeetcodeTests.swift in Sources */,
				007A360126803B4F0054CFE9 /* TreeConceptTests.swift in Sources */,
				007A3615268618A50054CFE9 /* StringsLeetcodeTests.swift in Sources */,
				007A3622268FF0740054CFE9 /* JulyLeetcodeChallenge.swift in Sources */,
				007A35EF267F42870054CFE9 /* QueueConceptTests.swift in Sources */,
				004C92C0267AE4CE0094CC50 /* LinkedListTests.swift in Sources */,
				007A35F9267F9EA20054CFE9 /* QueueLeetcodeTests.swift in Sources */,
				007A361C268DF0450054CFE9 /* ArrayLeetcodeTests.swift in Sources */,
				004C92B5267A255D0094CC50 /* ArrayProblemsTests.swift in Sources */,
			);
			runOnlyForDeploymentPostprocessing = 0;
		};
		004C929B267A24AE0094CC50 /* Sources */ = {
			isa = PBXSourcesBuildPhase;
			buildActionMask = 2147483647;
			files = (
				004C92A4267A24AE0094CC50 /* LeetcodePracticeUITests.swift in Sources */,
			);
			runOnlyForDeploymentPostprocessing = 0;
		};
/* End PBXSourcesBuildPhase section */

/* Begin PBXTargetDependency section */
		004C9296267A24AE0094CC50 /* PBXTargetDependency */ = {
			isa = PBXTargetDependency;
			target = 004C9281267A24AC0094CC50 /* LeetcodePractice */;
			targetProxy = 004C9295267A24AE0094CC50 /* PBXContainerItemProxy */;
		};
		004C92A1267A24AE0094CC50 /* PBXTargetDependency */ = {
			isa = PBXTargetDependency;
			target = 004C9281267A24AC0094CC50 /* LeetcodePractice */;
			targetProxy = 004C92A0267A24AE0094CC50 /* PBXContainerItemProxy */;
		};
/* End PBXTargetDependency section */

/* Begin XCBuildConfiguration section */
		004C92A6267A24AE0094CC50 /* Debug */ = {
			isa = XCBuildConfiguration;
			buildSettings = {
				ALWAYS_SEARCH_USER_PATHS = NO;
				CLANG_ANALYZER_NONNULL = YES;
				CLANG_ANALYZER_NUMBER_OBJECT_CONVERSION = YES_AGGRESSIVE;
				CLANG_CXX_LANGUAGE_STANDARD = "gnu++14";
				CLANG_CXX_LIBRARY = "libc++";
				CLANG_ENABLE_MODULES = YES;
				CLANG_ENABLE_OBJC_ARC = YES;
				CLANG_ENABLE_OBJC_WEAK = YES;
				CLANG_WARN_BLOCK_CAPTURE_AUTORELEASING = YES;
				CLANG_WARN_BOOL_CONVERSION = YES;
				CLANG_WARN_COMMA = YES;
				CLANG_WARN_CONSTANT_CONVERSION = YES;
				CLANG_WARN_DEPRECATED_OBJC_IMPLEMENTATIONS = YES;
				CLANG_WARN_DIRECT_OBJC_ISA_USAGE = YES_ERROR;
				CLANG_WARN_DOCUMENTATION_COMMENTS = YES;
				CLANG_WARN_EMPTY_BODY = YES;
				CLANG_WARN_ENUM_CONVERSION = YES;
				CLANG_WARN_INFINITE_RECURSION = YES;
				CLANG_WARN_INT_CONVERSION = YES;
				CLANG_WARN_NON_LITERAL_NULL_CONVERSION = YES;
				CLANG_WARN_OBJC_IMPLICIT_RETAIN_SELF = YES;
				CLANG_WARN_OBJC_LITERAL_CONVERSION = YES;
				CLANG_WARN_OBJC_ROOT_CLASS = YES_ERROR;
				CLANG_WARN_QUOTED_INCLUDE_IN_FRAMEWORK_HEADER = YES;
				CLANG_WARN_RANGE_LOOP_ANALYSIS = YES;
				CLANG_WARN_STRICT_PROTOTYPES = YES;
				CLANG_WARN_SUSPICIOUS_MOVE = YES;
				CLANG_WARN_UNGUARDED_AVAILABILITY = YES_AGGRESSIVE;
				CLANG_WARN_UNREACHABLE_CODE = YES;
				CLANG_WARN__DUPLICATE_METHOD_MATCH = YES;
				COPY_PHASE_STRIP = NO;
				DEBUG_INFORMATION_FORMAT = dwarf;
				ENABLE_STRICT_OBJC_MSGSEND = YES;
				ENABLE_TESTABILITY = YES;
				GCC_C_LANGUAGE_STANDARD = gnu11;
				GCC_DYNAMIC_NO_PIC = NO;
				GCC_NO_COMMON_BLOCKS = YES;
				GCC_OPTIMIZATION_LEVEL = 0;
				GCC_PREPROCESSOR_DEFINITIONS = (
					"DEBUG=1",
					"$(inherited)",
				);
				GCC_WARN_64_TO_32_BIT_CONVERSION = YES;
				GCC_WARN_ABOUT_RETURN_TYPE = YES_ERROR;
				GCC_WARN_UNDECLARED_SELECTOR = YES;
				GCC_WARN_UNINITIALIZED_AUTOS = YES_AGGRESSIVE;
				GCC_WARN_UNUSED_FUNCTION = YES;
				GCC_WARN_UNUSED_VARIABLE = YES;
				MACOSX_DEPLOYMENT_TARGET = 11.3;
				MTL_ENABLE_DEBUG_INFO = INCLUDE_SOURCE;
				MTL_FAST_MATH = YES;
				ONLY_ACTIVE_ARCH = YES;
				SDKROOT = macosx;
				SWIFT_ACTIVE_COMPILATION_CONDITIONS = DEBUG;
				SWIFT_OPTIMIZATION_LEVEL = "-Onone";
			};
			name = Debug;
		};
		004C92A7267A24AE0094CC50 /* Release */ = {
			isa = XCBuildConfiguration;
			buildSettings = {
				ALWAYS_SEARCH_USER_PATHS = NO;
				CLANG_ANALYZER_NONNULL = YES;
				CLANG_ANALYZER_NUMBER_OBJECT_CONVERSION = YES_AGGRESSIVE;
				CLANG_CXX_LANGUAGE_STANDARD = "gnu++14";
				CLANG_CXX_LIBRARY = "libc++";
				CLANG_ENABLE_MODULES = YES;
				CLANG_ENABLE_OBJC_ARC = YES;
				CLANG_ENABLE_OBJC_WEAK = YES;
				CLANG_WARN_BLOCK_CAPTURE_AUTORELEASING = YES;
				CLANG_WARN_BOOL_CONVERSION = YES;
				CLANG_WARN_COMMA = YES;
				CLANG_WARN_CONSTANT_CONVERSION = YES;
				CLANG_WARN_DEPRECATED_OBJC_IMPLEMENTATIONS = YES;
				CLANG_WARN_DIRECT_OBJC_ISA_USAGE = YES_ERROR;
				CLANG_WARN_DOCUMENTATION_COMMENTS = YES;
				CLANG_WARN_EMPTY_BODY = YES;
				CLANG_WARN_ENUM_CONVERSION = YES;
				CLANG_WARN_INFINITE_RECURSION = YES;
				CLANG_WARN_INT_CONVERSION = YES;
				CLANG_WARN_NON_LITERAL_NULL_CONVERSION = YES;
				CLANG_WARN_OBJC_IMPLICIT_RETAIN_SELF = YES;
				CLANG_WARN_OBJC_LITERAL_CONVERSION = YES;
				CLANG_WARN_OBJC_ROOT_CLASS = YES_ERROR;
				CLANG_WARN_QUOTED_INCLUDE_IN_FRAMEWORK_HEADER = YES;
				CLANG_WARN_RANGE_LOOP_ANALYSIS = YES;
				CLANG_WARN_STRICT_PROTOTYPES = YES;
				CLANG_WARN_SUSPICIOUS_MOVE = YES;
				CLANG_WARN_UNGUARDED_AVAILABILITY = YES_AGGRESSIVE;
				CLANG_WARN_UNREACHABLE_CODE = YES;
				CLANG_WARN__DUPLICATE_METHOD_MATCH = YES;
				COPY_PHASE_STRIP = NO;
				DEBUG_INFORMATION_FORMAT = "dwarf-with-dsym";
				ENABLE_NS_ASSERTIONS = NO;
				ENABLE_STRICT_OBJC_MSGSEND = YES;
				GCC_C_LANGUAGE_STANDARD = gnu11;
				GCC_NO_COMMON_BLOCKS = YES;
				GCC_WARN_64_TO_32_BIT_CONVERSION = YES;
				GCC_WARN_ABOUT_RETURN_TYPE = YES_ERROR;
				GCC_WARN_UNDECLARED_SELECTOR = YES;
				GCC_WARN_UNINITIALIZED_AUTOS = YES_AGGRESSIVE;
				GCC_WARN_UNUSED_FUNCTION = YES;
				GCC_WARN_UNUSED_VARIABLE = YES;
				MACOSX_DEPLOYMENT_TARGET = 11.3;
				MTL_ENABLE_DEBUG_INFO = NO;
				MTL_FAST_MATH = YES;
				SDKROOT = macosx;
				SWIFT_COMPILATION_MODE = wholemodule;
				SWIFT_OPTIMIZATION_LEVEL = "-O";
			};
			name = Release;
		};
		004C92A9267A24AE0094CC50 /* Debug */ = {
			isa = XCBuildConfiguration;
			buildSettings = {
				ASSETCATALOG_COMPILER_APPICON_NAME = AppIcon;
				ASSETCATALOG_COMPILER_GLOBAL_ACCENT_COLOR_NAME = AccentColor;
				CODE_SIGN_ENTITLEMENTS = LeetcodePractice/LeetcodePractice.entitlements;
				CODE_SIGN_STYLE = Automatic;
				COMBINE_HIDPI_IMAGES = YES;
				DEVELOPMENT_ASSET_PATHS = "\"LeetcodePractice/Preview Content\"";
				DEVELOPMENT_TEAM = ML69X72R93;
				ENABLE_HARDENED_RUNTIME = YES;
				ENABLE_PREVIEWS = YES;
				INFOPLIST_FILE = LeetcodePractice/Info.plist;
				LD_RUNPATH_SEARCH_PATHS = (
					"$(inherited)",
					"@executable_path/../Frameworks",
				);
				MACOSX_DEPLOYMENT_TARGET = 11.0;
				PRODUCT_BUNDLE_IDENTIFIER = Abhilash.LeetcodePractice;
				PRODUCT_NAME = "$(TARGET_NAME)";
				SDKROOT = macosx;
				SWIFT_VERSION = 5.0;
			};
			name = Debug;
		};
		004C92AA267A24AE0094CC50 /* Release */ = {
			isa = XCBuildConfiguration;
			buildSettings = {
				ASSETCATALOG_COMPILER_APPICON_NAME = AppIcon;
				ASSETCATALOG_COMPILER_GLOBAL_ACCENT_COLOR_NAME = AccentColor;
				CODE_SIGN_ENTITLEMENTS = LeetcodePractice/LeetcodePractice.entitlements;
				CODE_SIGN_STYLE = Automatic;
				COMBINE_HIDPI_IMAGES = YES;
				DEVELOPMENT_ASSET_PATHS = "\"LeetcodePractice/Preview Content\"";
				DEVELOPMENT_TEAM = ML69X72R93;
				ENABLE_HARDENED_RUNTIME = YES;
				ENABLE_PREVIEWS = YES;
				INFOPLIST_FILE = LeetcodePractice/Info.plist;
				LD_RUNPATH_SEARCH_PATHS = (
					"$(inherited)",
					"@executable_path/../Frameworks",
				);
				MACOSX_DEPLOYMENT_TARGET = 11.0;
				PRODUCT_BUNDLE_IDENTIFIER = Abhilash.LeetcodePractice;
				PRODUCT_NAME = "$(TARGET_NAME)";
				SDKROOT = macosx;
				SWIFT_VERSION = 5.0;
			};
			name = Release;
		};
		004C92AC267A24AE0094CC50 /* Debug */ = {
			isa = XCBuildConfiguration;
			buildSettings = {
				ALWAYS_EMBED_SWIFT_STANDARD_LIBRARIES = YES;
				BUNDLE_LOADER = "$(TEST_HOST)";
				CODE_SIGN_STYLE = Automatic;
				COMBINE_HIDPI_IMAGES = YES;
				DEVELOPMENT_TEAM = ML69X72R93;
				INFOPLIST_FILE = LeetcodePracticeTests/Info.plist;
				LD_RUNPATH_SEARCH_PATHS = (
					"$(inherited)",
					"@executable_path/../Frameworks",
					"@loader_path/../Frameworks",
				);
				MACOSX_DEPLOYMENT_TARGET = 11.0;
				PRODUCT_BUNDLE_IDENTIFIER = Abhilash.LeetcodePracticeTests;
				PRODUCT_NAME = "$(TARGET_NAME)";
				SWIFT_VERSION = 5.0;
				TEST_HOST = "$(BUILT_PRODUCTS_DIR)/LeetcodePractice.app/Contents/MacOS/LeetcodePractice";
			};
			name = Debug;
		};
		004C92AD267A24AE0094CC50 /* Release */ = {
			isa = XCBuildConfiguration;
			buildSettings = {
				ALWAYS_EMBED_SWIFT_STANDARD_LIBRARIES = YES;
				BUNDLE_LOADER = "$(TEST_HOST)";
				CODE_SIGN_STYLE = Automatic;
				COMBINE_HIDPI_IMAGES = YES;
				DEVELOPMENT_TEAM = ML69X72R93;
				INFOPLIST_FILE = LeetcodePracticeTests/Info.plist;
				LD_RUNPATH_SEARCH_PATHS = (
					"$(inherited)",
					"@executable_path/../Frameworks",
					"@loader_path/../Frameworks",
				);
				MACOSX_DEPLOYMENT_TARGET = 11.0;
				PRODUCT_BUNDLE_IDENTIFIER = Abhilash.LeetcodePracticeTests;
				PRODUCT_NAME = "$(TARGET_NAME)";
				SWIFT_VERSION = 5.0;
				TEST_HOST = "$(BUILT_PRODUCTS_DIR)/LeetcodePractice.app/Contents/MacOS/LeetcodePractice";
			};
			name = Release;
		};
		004C92AF267A24AE0094CC50 /* Debug */ = {
			isa = XCBuildConfiguration;
			buildSettings = {
				ALWAYS_EMBED_SWIFT_STANDARD_LIBRARIES = YES;
				CODE_SIGN_STYLE = Automatic;
				COMBINE_HIDPI_IMAGES = YES;
				DEVELOPMENT_TEAM = ML69X72R93;
				INFOPLIST_FILE = LeetcodePracticeUITests/Info.plist;
				LD_RUNPATH_SEARCH_PATHS = (
					"$(inherited)",
					"@executable_path/../Frameworks",
					"@loader_path/../Frameworks",
				);
				PRODUCT_BUNDLE_IDENTIFIER = Abhilash.LeetcodePracticeUITests;
				PRODUCT_NAME = "$(TARGET_NAME)";
				SWIFT_VERSION = 5.0;
				TEST_TARGET_NAME = LeetcodePractice;
			};
			name = Debug;
		};
		004C92B0267A24AE0094CC50 /* Release */ = {
			isa = XCBuildConfiguration;
			buildSettings = {
				ALWAYS_EMBED_SWIFT_STANDARD_LIBRARIES = YES;
				CODE_SIGN_STYLE = Automatic;
				COMBINE_HIDPI_IMAGES = YES;
				DEVELOPMENT_TEAM = ML69X72R93;
				INFOPLIST_FILE = LeetcodePracticeUITests/Info.plist;
				LD_RUNPATH_SEARCH_PATHS = (
					"$(inherited)",
					"@executable_path/../Frameworks",
					"@loader_path/../Frameworks",
				);
				PRODUCT_BUNDLE_IDENTIFIER = Abhilash.LeetcodePracticeUITests;
				PRODUCT_NAME = "$(TARGET_NAME)";
				SWIFT_VERSION = 5.0;
				TEST_TARGET_NAME = LeetcodePractice;
			};
			name = Release;
		};
/* End XCBuildConfiguration section */

/* Begin XCConfigurationList section */
		004C927D267A24AC0094CC50 /* Build configuration list for PBXProject "LeetcodePractice" */ = {
			isa = XCConfigurationList;
			buildConfigurations = (
				004C92A6267A24AE0094CC50 /* Debug */,
				004C92A7267A24AE0094CC50 /* Release */,
			);
			defaultConfigurationIsVisible = 0;
			defaultConfigurationName = Release;
		};
		004C92A8267A24AE0094CC50 /* Build configuration list for PBXNativeTarget "LeetcodePractice" */ = {
			isa = XCConfigurationList;
			buildConfigurations = (
				004C92A9267A24AE0094CC50 /* Debug */,
				004C92AA267A24AE0094CC50 /* Release */,
			);
			defaultConfigurationIsVisible = 0;
			defaultConfigurationName = Release;
		};
		004C92AB267A24AE0094CC50 /* Build configuration list for PBXNativeTarget "LeetcodePracticeTests" */ = {
			isa = XCConfigurationList;
			buildConfigurations = (
				004C92AC267A24AE0094CC50 /* Debug */,
				004C92AD267A24AE0094CC50 /* Release */,
			);
			defaultConfigurationIsVisible = 0;
			defaultConfigurationName = Release;
		};
		004C92AE267A24AE0094CC50 /* Build configuration list for PBXNativeTarget "LeetcodePracticeUITests" */ = {
			isa = XCConfigurationList;
			buildConfigurations = (
				004C92AF267A24AE0094CC50 /* Debug */,
				004C92B0267A24AE0094CC50 /* Release */,
			);
			defaultConfigurationIsVisible = 0;
			defaultConfigurationName = Release;
		};
/* End XCConfigurationList section */
	};
	rootObject = 004C927A267A24AC0094CC50 /* Project object */;
}
